{
  "object": {
    "pins": [
      {
        "package": "PanModal",
        "repositoryURL": "https://github.com/beedgtl/PanModal",
        "state": {
          "branch": null,
          "revision": "ade62a5866de09a3c9052078765d64e1dfb922f2",
          "version": "1.2.13"
        }
      }
    ]
  },
  "version": 1
}
