{
  "object": {
    "pins": [
      {
        "package": "PanModal",
        "repositoryURL": "https://github.com/baevra/PanModal",
        "state": {
          "branch": null,
          "revision": "ba721e891b4f32fa015460ad5003d80054171f07",
          "version": "1.2.8"
        }
      }
    ]
  },
  "version": 1
}
